<?xml version="1.0" encoding="utf-8"?>
<Project ToolsVersion="4.0" xmlns="http://schemas.microsoft.com/developer/msbuild/2003">
  <ItemGroup>
    <Filter Include="Source Files">
      <UniqueIdentifier>{4FC737F1-C7A5-4376-A066-2A32D752A2FF}</UniqueIdentifier>
      <Extensions>cpp;c;cc;cxx;c++;cppm;ixx;def;odl;idl;hpj;bat;asm;asmx</Extensions>
    </Filter>
    <Filter Include="Header Files">
      <UniqueIdentifier>{93995380-89BD-4b04-88EB-625FBE52EBFB}</UniqueIdentifier>
      <Extensions>h;hh;hpp;hxx;h++;hm;inl;inc;ipp;xsd</Extensions>
    </Filter>
    <Filter Include="Resource Files">
      <UniqueIdentifier>{67DA6AB6-F800-4c08-8B7A-83BB121AAD01}</UniqueIdentifier>
      <Extensions>rc;ico;cur;bmp;dlg;rc2;rct;bin;rgs;gif;jpg;jpeg;jpe;resx;tiff;tif;png;wav;mfcribbon-ms</Extensions>
    </Filter>
  </ItemGroup>
  <ItemGroup>
    <ClInclude Include="src\global.h">
      <Filter>Header Files</Filter>
    </ClInclude>
    <ClInclude Include="src\common.h">
      <Filter>Header Files</Filter>
    </ClInclude>
    <ClInclude Include="src\memory\datatypes\vector.h">
      <Filter>Header Files</Filter>
    </ClInclude>
    <ClInclude Include="src\valve\entity.h">
      <Filter>Header Files</Filter>
    </ClInclude>
    <ClInclude Include="src\interfaces\interfaces.h">
      <Filter>Header Files</Filter>
    </ClInclude>
    <ClInclude Include="src\memory\memory.h">
      <Filter>Header Files</Filter>
    </ClInclude>
    <ClInclude Include="src\memory\protection\xorstr.h">
      <Filter>Header Files</Filter>
    </ClInclude>
    <ClInclude Include="src\interfaces\classes\ibaseclientdll.h">
      <Filter>Header Files</Filter>
    </ClInclude>
    <ClInclude Include="src\setup\setup.h">
      <Filter>Header Files</Filter>
    </ClInclude>
    <ClInclude Include="src\utilities\logging.h">
      <Filter>Header Files</Filter>
    </ClInclude>
    <ClInclude Include="src\memory\pe32.h">
      <Filter>Header Files</Filter>
    </ClInclude>
    <ClInclude Include="src\gui\gui.h">
      <Filter>Header Files</Filter>
    </ClInclude>
    <ClInclude Include="src\gui\widgets.h">
      <Filter>Header Files</Filter>
    </ClInclude>
    <ClInclude Include="src\hooks\hooks.h">
      <Filter>Header Files</Filter>
    </ClInclude>
    <ClInclude Include="ext\imgui\cpp\imgui_stdlib.h">
      <Filter>Header Files</Filter>
    </ClInclude>
    <ClInclude Include="ext\imgui\dx9\imgui_impl_dx9.h">
      <Filter>Header Files</Filter>
    </ClInclude>
    <ClInclude Include="ext\imgui\win32\imgui_impl_win32.h">
      <Filter>Header Files</Filter>
    </ClInclude>
    <ClInclude Include="ext\imgui\imconfig.h">
      <Filter>Header Files</Filter>
    </ClInclude>
    <ClInclude Include="ext\imgui\imgui.h">
      <Filter>Header Files</Filter>
    </ClInclude>
    <ClInclude Include="ext\imgui\imgui_freetype.h">
      <Filter>Header Files</Filter>
    </ClInclude>
    <ClInclude Include="ext\imgui\imgui_internal.h">
      <Filter>Header Files</Filter>
    </ClInclude>
    <ClInclude Include="ext\imgui\imstb_rectpack.h">
      <Filter>Header Files</Filter>
    </ClInclude>
    <ClInclude Include="ext\imgui\imstb_textedit.h">
      <Filter>Header Files</Filter>
    </ClInclude>
    <ClInclude Include="ext\imgui\imstb_truetype.h">
      <Filter>Header Files</Filter>
    </ClInclude>
    <ClInclude Include="src\interfaces\classes\icliententitylist.h">
      <Filter>Header Files</Filter>
    </ClInclude>
    <ClInclude Include="src\interfaces\classes\ieffects.h">
      <Filter>Header Files</Filter>
    </ClInclude>
    <ClInclude Include="src\memory\datatypes\qangle.h">
      <Filter>Header Files</Filter>
    </ClInclude>
    <ClInclude Include="src\memory\datatypes\utlvector.h">
      <Filter>Header Files</Filter>
    </ClInclude>
    <ClInclude Include="src\memory\datatypes\utlmemory.h">
      <Filter>Header Files</Filter>
    </ClInclude>
    <ClInclude Include="src\interfaces\classes\iengineclient.h">
      <Filter>Header Files</Filter>
    </ClInclude>
    <ClInclude Include="src\interfaces\classes\ienginesound.h">
      <Filter>Header Files</Filter>
    </ClInclude>
    <ClInclude Include="src\interfaces\classes\ienginetrace.h">
      <Filter>Header Files</Filter>
    </ClInclude>
    <ClInclude Include="src\interfaces\classes\ienginevgui.h">
      <Filter>Header Files</Filter>
    </ClInclude>
    <ClInclude Include="src\interfaces\classes\igameconsole.h">
      <Filter>Header Files</Filter>
    </ClInclude>
    <ClInclude Include="src\interfaces\classes\igameeventmanager.h">
      <Filter>Header Files</Filter>
    </ClInclude>
    <ClInclude Include="src\interfaces\classes\igametypes.h">
      <Filter>Header Files</Filter>
    </ClInclude>
    <ClInclude Include="src\interfaces\classes\igameui.h">
      <Filter>Header Files</Filter>
    </ClInclude>
    <ClInclude Include="src\interfaces\classes\iglobalvars.h">
      <Filter>Header Files</Filter>
    </ClInclude>
    <ClInclude Include="src\interfaces\classes\iinputsystem.h">
      <Filter>Header Files</Filter>
    </ClInclude>
    <ClInclude Include="src\interfaces\classes\iphysicssurfaceprops.h">
      <Filter>Header Files</Filter>
    </ClInclude>
    <ClInclude Include="src\interfaces\classes\isurface.h">
      <Filter>Header Files</Filter>
    </ClInclude>
    <ClInclude Include="src\interfaces\classes\ivdebugoverlay.h">
      <Filter>Header Files</Filter>
    </ClInclude>
    <ClInclude Include="src\interfaces\classes\ivengineeffects.h">
      <Filter>Header Files</Filter>
    </ClInclude>
    <ClInclude Include="src\interfaces\classes\iviewrender.h">
      <Filter>Header Files</Filter>
    </ClInclude>
    <ClInclude Include="src\interfaces\classes\iconvar.h">
      <Filter>Header Files</Filter>
    </ClInclude>
    <ClInclude Include="src\memory\datatypes\matrix.h">
      <Filter>Header Files</Filter>
    </ClInclude>
    <ClInclude Include="src\memory\hash\crc32.h">
      <Filter>Header Files</Filter>
    </ClInclude>
    <ClInclude Include="src\memory\datatypes\color.h">
      <Filter>Header Files</Filter>
    </ClInclude>
    <ClInclude Include="src\interfaces\classes\iprediction.h">
      <Filter>Header Files</Filter>
    </ClInclude>
    <ClInclude Include="src\valve\usercmd.h">
      <Filter>Header Files</Filter>
    </ClInclude>
    <ClInclude Include="src\interfaces\classes\inetworkstring.h">
      <Filter>Header Files</Filter>
    </ClInclude>
    <ClInclude Include="src\interfaces\classes\ivrenderview.h">
      <Filter>Header Files</Filter>
    </ClInclude>
    <ClInclude Include="src\interfaces\classes\iclientmodeshared.h">
      <Filter>Header Files</Filter>
    </ClInclude>
    <ClInclude Include="src\interfaces\classes\ivmodelinfo.h">
      <Filter>Header Files</Filter>
    </ClInclude>
    <ClInclude Include="src\valve\studio.h">
      <Filter>Header Files</Filter>
    </ClInclude>
    <ClInclude Include="src\interfaces\classes\ivmodelrender.h">
      <Filter>Header Files</Filter>
    </ClInclude>
    <ClInclude Include="src\interfaces\classes\istudiorender.h">
      <Filter>Header Files</Filter>
    </ClInclude>
    <ClInclude Include="src\interfaces\classes\imdlcache.h">
      <Filter>Header Files</Filter>
    </ClInclude>
    <ClInclude Include="src\interfaces\classes\ivpanel.h">
      <Filter>Header Files</Filter>
    </ClInclude>
    <ClInclude Include="src\interfaces\classes\inetchannel.h">
      <Filter>Header Files</Filter>
    </ClInclude>
    <ClInclude Include="src\valve\bitbuf.h">
      <Filter>Header Files</Filter>
    </ClInclude>
    <ClInclude Include="src\interfaces\classes\iservergamedll.h">
      <Filter>Header Files</Filter>
    </ClInclude>
    <ClInclude Include="src\interfaces\classes\ilocalize.h">
      <Filter>Header Files</Filter>
    </ClInclude>
    <ClInclude Include="src\interfaces\classes\imatchframework.h">
      <Filter>Header Files</Filter>
    </ClInclude>
    <ClInclude Include="src\memory\datatypes\keyvalues.h">
      <Filter>Header Files</Filter>
    </ClInclude>
    <ClInclude Include="src\interfaces\classes\ikeyvaluessystem.h">
      <Filter>Header Files</Filter>
    </ClInclude>
    <ClInclude Include="src\valve\bspflags.h">
      <Filter>Header Files</Filter>
    </ClInclude>
    <ClInclude Include="src\interfaces\classes\imaterialsystem.h">
      <Filter>Header Files</Filter>
    </ClInclude>
    <ClInclude Include="src\definitions.h">
      <Filter>Header Files</Filter>
    </ClInclude>
    <ClInclude Include="src\interfaces\classes\imatrendercontext.h">
      <Filter>Header Files</Filter>
    </ClInclude>
    <ClInclude Include="src\interfaces\classes\itexture.h">
      <Filter>Header Files</Filter>
    </ClInclude>
    <ClInclude Include="src\interfaces\classes\irefcount.h">
      <Filter>Header Files</Filter>
    </ClInclude>
    <ClInclude Include="src\interfaces\classes\imaterial.h">
      <Filter>Header Files</Filter>
    </ClInclude>
    <ClInclude Include="src\hooks\vmt\shadow_vmt.h">
      <Filter>Header Files</Filter>
    </ClInclude>
    <ClInclude Include="src\memory\nt functions\ntfunctions.h">
      <Filter>Header Files</Filter>
    </ClInclude>
    <ClInclude Include="src\utilities\inputhandler.h">
      <Filter>Header Files</Filter>
    </ClInclude>
    <ClInclude Include="src\config\variables.h">
      <Filter>Header Files</Filter>
    </ClInclude>
    <ClInclude Include="src\config\config.h">
      <Filter>Header Files</Filter>
    </ClInclude>
    <ClInclude Include="src\memory\hash\fnv1a.h">
      <Filter>Header Files</Filter>
    </ClInclude>
    <ClInclude Include="src\memory\datatypes\datatable.h">
      <Filter>Header Files</Filter>
    </ClInclude>
    <ClInclude Include="src\memory\datatypes\datamap.h">
      <Filter>Header Files</Filter>
    </ClInclude>
    <ClInclude Include="src\gui\compressedfonts.h">
      <Filter>Header Files</Filter>
    </ClInclude>
    <ClInclude Include="src\utilities\netvar\netvar.h">
      <Filter>Header Files</Filter>
    </ClInclude>
    <ClInclude Include="src\valve\CCSGOPlayerAnimState.h">
      <Filter>Header Files</Filter>
    </ClInclude>
    <ClInclude Include="src\utilities\svgparser.h">
      <Filter>Header Files</Filter>
    </ClInclude>
    <ClInclude Include="src\interfaces\classes\imemalloc.h">
      <Filter>Header Files</Filter>
    </ClInclude>
    <ClInclude Include="src\utilities\iconparser.h">
      <Filter>Header Files</Filter>
    </ClInclude>
    <ClInclude Include="src\interfaces\classes\iweaponsystem.h">
      <Filter>Header Files</Filter>
    </ClInclude>
  </ItemGroup>
  <ItemGroup>
    <ClCompile Include="src\valve\entity.cpp">
      <Filter>Source Files</Filter>
    </ClCompile>
    <ClCompile Include="src\interfaces\interfaces.cpp">
      <Filter>Source Files</Filter>
    </ClCompile>
    <ClCompile Include="src\memory\memory.cpp">
      <Filter>Source Files</Filter>
    </ClCompile>
    <ClCompile Include="src\setup\setup.cpp">
      <Filter>Source Files</Filter>
    </ClCompile>
    <ClCompile Include="src\utilities\logging.cpp">
      <Filter>Source Files</Filter>
    </ClCompile>
    <ClCompile Include="src\dllmain.cpp">
      <Filter>Source Files</Filter>
    </ClCompile>
    <ClCompile Include="src\gui\gui.cpp">
      <Filter>Source Files</Filter>
    </ClCompile>
    <ClCompile Include="src\gui\widgets.cpp">
      <Filter>Source Files</Filter>
    </ClCompile>
    <ClCompile Include="src\hooks\hooks.cpp">
      <Filter>Source Files</Filter>
    </ClCompile>
    <ClCompile Include="ext\imgui\cpp\imgui_stdlib.cpp">
      <Filter>Source Files</Filter>
    </ClCompile>
    <ClCompile Include="ext\imgui\dx9\imgui_impl_dx9.cpp">
      <Filter>Source Files</Filter>
    </ClCompile>
    <ClCompile Include="ext\imgui\win32\imgui_impl_win32.cpp">
      <Filter>Source Files</Filter>
    </ClCompile>
    <ClCompile Include="ext\imgui\imgui.cpp">
      <Filter>Source Files</Filter>
    </ClCompile>
    <ClCompile Include="ext\imgui\imgui_draw.cpp">
      <Filter>Source Files</Filter>
    </ClCompile>
    <ClCompile Include="ext\imgui\imgui_freetype.cpp">
      <Filter>Source Files</Filter>
    </ClCompile>
    <ClCompile Include="ext\imgui\imgui_widgets.cpp">
      <Filter>Source Files</Filter>
    </ClCompile>
    <ClCompile Include="src\memory\hash\crc32.cpp">
      <Filter>Source Files</Filter>
    </ClCompile>
    <ClCompile Include="src\memory\datatypes\keyvalues.cpp">
      <Filter>Source Files</Filter>
    </ClCompile>
    <ClCompile Include="src\hooks\vmt\shadow_vmt.cpp">
      <Filter>Source Files</Filter>
    </ClCompile>
    <ClCompile Include="src\memory\nt functions\ntfunctions.cpp">
      <Filter>Source Files</Filter>
    </ClCompile>
    <ClCompile Include="src\utilities\inputhandler.cpp">
      <Filter>Source Files</Filter>
    </ClCompile>
    <ClCompile Include="src\hooks\hook list\frame_stage_notify.cpp">
      <Filter>Source Files</Filter>
    </ClCompile>
    <ClCompile Include="src\hooks\hook list\allocate_keyvalues_memory.cpp">
      <Filter>Source Files</Filter>
    </ClCompile>
    <ClCompile Include="src\hooks\hook list\wnd_proc.cpp">
      <Filter>Source Files</Filter>
    </ClCompile>
    <ClCompile Include="src\config\config.cpp">
      <Filter>Source Files</Filter>
    </ClCompile>
    <ClCompile Include="src\hooks\hook list\reset.cpp">
      <Filter>Source Files</Filter>
    </ClCompile>
    <ClCompile Include="src\hooks\hook list\end_scene.cpp">
      <Filter>Source Files</Filter>
    </ClCompile>
    <ClCompile Include="src\utilities\netvar\netvar.cpp">
      <Filter>Source Files</Filter>
    </ClCompile>
    <ClCompile Include="src\utilities\iconparser.cpp">
      <Filter>Source Files</Filter>
    </ClCompile>
  </ItemGroup>
</Project>